
Microsoft Visual Studio Solution File, Format Version 12.00
# Visual Studio Version 17
VisualStudioVersion = 17.2.32519.379
MinimumVisualStudioVersion = 10.0.40219.1
Project("{FAE04EC0-301F-11D3-BF4B-00C04F79EFBC}") = "MessageBroker", "MessageBroker\MessageBroker.csproj", "{EC09E524-65FB-4641-A88F-DD5F2B31B615}"
EndProject
Project("{FAE04EC0-301F-11D3-BF4B-00C04F79EFBC}") = "MessageBrokerDemo", "MessageBrokerDemo\MessageBrokerDemo.csproj", "{3AC210DF-8E4E-481A-B0A2-04C800E8BB52}"
EndProject
Global
	GlobalSection(SolutionConfigurationPlatforms) = preSolution
		Debug|Any CPU = Debug|Any CPU
		Release|Any CPU = Release|Any CPU
	EndGlobalSection
	GlobalSection(ProjectConfigurationPlatforms) = postSolution
		{EC09E524-65FB-4641-A88F-DD5F2B31B615}.Debug|Any CPU.ActiveCfg = Debug|Any CPU
		{EC09E524-65FB-4641-A88F-DD5F2B31B615}.Debug|Any CPU.Build.0 = Debug|Any CPU
		{EC09E524-65FB-4641-A88F-DD5F2B31B615}.Release|Any CPU.ActiveCfg = Release|Any CPU
		{EC09E524-65FB-4641-A88F-DD5F2B31B615}.Release|Any CPU.Build.0 = Release|Any CPU
		{3AC210DF-8E4E-481A-B0A2-04C800E8BB52}.Debug|Any CPU.ActiveCfg = Debug|Any CPU
		{3AC210DF-8E4E-481A-B0A2-04C800E8BB52}.Debug|Any CPU.Build.0 = Debug|Any CPU
		{3AC210DF-8E4E-481A-B0A2-04C800E8BB52}.Release|Any CPU.ActiveCfg = Release|Any CPU
		{3AC210DF-8E4E-481A-B0A2-04C800E8BB52}.Release|Any CPU.Build.0 = Release|Any CPU
	EndGlobalSection
	GlobalSection(SolutionProperties) = preSolution
		HideSolutionNode = FALSE
	EndGlobalSection
	GlobalSection(ExtensibilityGlobals) = postSolution
		SolutionGuid = {06C64266-3CAB-4375-8CEC-34C858663A60}
	EndGlobalSection
EndGlobal
